github.com/TheDevtop/tpjson v1.0.0 h1:fcnpfg4QWwlgqPbgwGS6n6Oy6cJxQnXbe5vlAkScNbo=
github.com/TheDevtop/tpjson v1.0.0/go.mod h1:5fdGVTXscbsOEBp3Pw4bcw37BMxYFJ2ibbPLiiUK77w=
github.com/zyedidia/generic v1.2.1 h1:Zv5KS/N2m0XZZiuLS82qheRG4X1o5gsWreGb0hR7XDc=
github.com/zyedidia/generic v1.2.1/go.mod h1:ly2RBz4mnz1yeuVbQA/VFwGjK3mnHGRj1JuoG336Bis=
